
Microsoft Visual Studio Solution File, Format Version 12.00
# Visual Studio Version 16
VisualStudioVersion = 16.0.30011.22
MinimumVisualStudioVersion = 10.0.40219.1
Project("{FAE04EC0-301F-11D3-BF4B-00C04F79EFBC}") = "MovieLab", "MovieLab\MovieLab.csproj", "{5490EFA3-B80C-4F09-A148-DC54CA91BFD2}"
EndProject
Global
	GlobalSection(SolutionConfigurationPlatforms) = preSolution
		Debug|Any CPU = Debug|Any CPU
		Release|Any CPU = Release|Any CPU
	EndGlobalSection
	GlobalSection(ProjectConfigurationPlatforms) = postSolution
		{5490EFA3-B80C-4F09-A148-DC54CA91BFD2}.Debug|Any CPU.ActiveCfg = Debug|Any CPU
		{5490EFA3-B80C-4F09-A148-DC54CA91BFD2}.Debug|Any CPU.Build.0 = Debug|Any CPU
		{5490EFA3-B80C-4F09-A148-DC54CA91BFD2}.Release|Any CPU.ActiveCfg = Release|Any CPU
		{5490EFA3-B80C-4F09-A148-DC54CA91BFD2}.Release|Any CPU.Build.0 = Release|Any CPU
	EndGlobalSection
	GlobalSection(SolutionProperties) = preSolution
		HideSolutionNode = FALSE
	EndGlobalSection
	GlobalSection(ExtensibilityGlobals) = postSolution
		SolutionGuid = {4EFD4718-599C-4CA6-9F07-E49F6C813D75}
	EndGlobalSection
EndGlobal
